
Microsoft Visual Studio Solution File, Format Version 12.00
# Visual Studio 2013
VisualStudioVersion = 12.0.21005.1
MinimumVisualStudioVersion = 10.0.40219.1
Project("{FAE04EC0-301F-11D3-BF4B-00C04F79EFBC}") = "Graph", "Graph\Graph.csproj", "{0B436798-9A05-413F-9866-CCB8107F4E8D}"
EndProject
Project("{FAE04EC0-301F-11D3-BF4B-00C04F79EFBC}") = "SeriesConsole", "Series\SeriesConsole.csproj", "{94B340A8-00E5-4165-9129-76B7DFB887B5}"
EndProject
Project("{FAE04EC0-301F-11D3-BF4B-00C04F79EFBC}") = "MathSeries", "MathSeries\MathSeries.csproj", "{EA206FA6-EC54-41C4-8378-75B2A3FAA683}"
EndProject
Global
	GlobalSection(SolutionConfigurationPlatforms) = preSolution
		Debug|Any CPU = Debug|Any CPU
		Release|Any CPU = Release|Any CPU
	EndGlobalSection
	GlobalSection(ProjectConfigurationPlatforms) = postSolution
		{0B436798-9A05-413F-9866-CCB8107F4E8D}.Debug|Any CPU.ActiveCfg = Debug|Any CPU
		{0B436798-9A05-413F-9866-CCB8107F4E8D}.Debug|Any CPU.Build.0 = Debug|Any CPU
		{0B436798-9A05-413F-9866-CCB8107F4E8D}.Release|Any CPU.ActiveCfg = Release|Any CPU
		{0B436798-9A05-413F-9866-CCB8107F4E8D}.Release|Any CPU.Build.0 = Release|Any CPU
		{94B340A8-00E5-4165-9129-76B7DFB887B5}.Debug|Any CPU.ActiveCfg = Debug|Any CPU
		{94B340A8-00E5-4165-9129-76B7DFB887B5}.Debug|Any CPU.Build.0 = Debug|Any CPU
		{94B340A8-00E5-4165-9129-76B7DFB887B5}.Release|Any CPU.ActiveCfg = Release|Any CPU
		{94B340A8-00E5-4165-9129-76B7DFB887B5}.Release|Any CPU.Build.0 = Release|Any CPU
		{EA206FA6-EC54-41C4-8378-75B2A3FAA683}.Debug|Any CPU.ActiveCfg = Debug|Any CPU
		{EA206FA6-EC54-41C4-8378-75B2A3FAA683}.Debug|Any CPU.Build.0 = Debug|Any CPU
		{EA206FA6-EC54-41C4-8378-75B2A3FAA683}.Release|Any CPU.ActiveCfg = Release|Any CPU
		{EA206FA6-EC54-41C4-8378-75B2A3FAA683}.Release|Any CPU.Build.0 = Release|Any CPU
	EndGlobalSection
	GlobalSection(SolutionProperties) = preSolution
		HideSolutionNode = FALSE
	EndGlobalSection
EndGlobal
